{
  "name": "root-config",
  "version": "1.0.0",
  "lockfileVersion": 3,
  "requires": true,
  "packages": {
    "": {
      "name": "root-config",
      "version": "1.0.0",
      "license": "ISC",
      "dependencies": {
        "single-spa": "^6.0.3",
        "systemjs": "^6.15.1"
      }
    },
    "node_modules/single-spa": {
      "version": "6.0.3",
      "resolved": "https://registry.npmjs.org/single-spa/-/single-spa-6.0.3.tgz",
      "integrity": "sha512-pXlwHXHhs3hx/MnGQHBLdFCVAN2rlm9TLBKazbDMyZ25QRxoen2vlUZ47MyXKa9K8Gd5UZs/gkuQad4TGbViwg==",
      "license": "MIT"
    },
    "node_modules/systemjs": {
      "version": "6.15.1",
      "resolved": "https://registry.npmjs.org/systemjs/-/systemjs-6.15.1.tgz",
      "integrity": "sha512-Nk8c4lXvMB98MtbmjX7JwJRgJOL8fluecYCfCeYBznwmpOs8Bf15hLM6z4z71EDAhQVrQrI+wt1aLWSXZq+hXA==",
      "license": "MIT"
    }
  }
}
